
Microsoft Visual Studio Solution File, Format Version 12.00
Project("{FAE04EC0-301F-11D3-BF4B-00C04F79EFBC}") = "WpfApplication1", "WpfApplication1\WpfApplication1.csproj", "{5016F56D-5946-4984-A6B5-D28CB49E53F8}"
EndProject
Project("{FAE04EC0-301F-11D3-BF4B-00C04F79EFBC}") = "CircleChannel", "CircleChannel\CircleChannel.csproj", "{C514F2CE-4A53-4E30-A458-BFAB625D58EE}"
EndProject
Project("{FAE04EC0-301F-11D3-BF4B-00C04F79EFBC}") = "HttpOperation", "HttpOperation\HttpOperation.csproj", "{9884B9A3-A02E-431B-A5E0-B28DDB94E7F0}"
EndProject
Project("{FAE04EC0-301F-11D3-BF4B-00C04F79EFBC}") = "HtmlOperation", "HtmlOperation\HtmlOperation.csproj", "{03D3593B-9140-485C-8C06-EC7442333778}"
EndProject
Global
	GlobalSection(SolutionConfigurationPlatforms) = preSolution
		Debug|Any CPU = Debug|Any CPU
		Release|Any CPU = Release|Any CPU
	EndGlobalSection
	GlobalSection(ProjectConfigurationPlatforms) = postSolution
		{5016F56D-5946-4984-A6B5-D28CB49E53F8}.Debug|Any CPU.ActiveCfg = Debug|Any CPU
		{5016F56D-5946-4984-A6B5-D28CB49E53F8}.Debug|Any CPU.Build.0 = Debug|Any CPU
		{5016F56D-5946-4984-A6B5-D28CB49E53F8}.Release|Any CPU.ActiveCfg = Release|Any CPU
		{5016F56D-5946-4984-A6B5-D28CB49E53F8}.Release|Any CPU.Build.0 = Release|Any CPU
		{C514F2CE-4A53-4E30-A458-BFAB625D58EE}.Debug|Any CPU.ActiveCfg = Debug|Any CPU
		{C514F2CE-4A53-4E30-A458-BFAB625D58EE}.Debug|Any CPU.Build.0 = Debug|Any CPU
		{C514F2CE-4A53-4E30-A458-BFAB625D58EE}.Release|Any CPU.ActiveCfg = Release|Any CPU
		{C514F2CE-4A53-4E30-A458-BFAB625D58EE}.Release|Any CPU.Build.0 = Release|Any CPU
		{9884B9A3-A02E-431B-A5E0-B28DDB94E7F0}.Debug|Any CPU.ActiveCfg = Debug|Any CPU
		{9884B9A3-A02E-431B-A5E0-B28DDB94E7F0}.Debug|Any CPU.Build.0 = Debug|Any CPU
		{9884B9A3-A02E-431B-A5E0-B28DDB94E7F0}.Release|Any CPU.ActiveCfg = Release|Any CPU
		{9884B9A3-A02E-431B-A5E0-B28DDB94E7F0}.Release|Any CPU.Build.0 = Release|Any CPU
		{03D3593B-9140-485C-8C06-EC7442333778}.Debug|Any CPU.ActiveCfg = Debug|Any CPU
		{03D3593B-9140-485C-8C06-EC7442333778}.Debug|Any CPU.Build.0 = Debug|Any CPU
		{03D3593B-9140-485C-8C06-EC7442333778}.Release|Any CPU.ActiveCfg = Release|Any CPU
		{03D3593B-9140-485C-8C06-EC7442333778}.Release|Any CPU.Build.0 = Release|Any CPU
	EndGlobalSection
EndGlobal
